// !$*UTF8*$!
{
	archiveVersion = 1;
	classes = {
	};
	objectVersion = 55;
	objects = {

/* Begin PBXBuildFile section */
		EC6883B128113C8500E581EB /* AppDelegate.swift in Sources */ = {isa = PBXBuildFile; fileRef = EC6883B028113C8500E581EB /* AppDelegate.swift */; };
		EC6883B328113C8500E581EB /* SceneDelegate.swift in Sources */ = {isa = PBXBuildFile; fileRef = EC6883B228113C8500E581EB /* SceneDelegate.swift */; };
		EC6883B528113C8500E581EB /* MainViewController.swift in Sources */ = {isa = PBXBuildFile; fileRef = EC6883B428113C8500E581EB /* MainViewController.swift */; };
		EC6883BA28113C8600E581EB /* Assets.xcassets in Resources */ = {isa = PBXBuildFile; fileRef = EC6883B928113C8600E581EB /* Assets.xcassets */; };
		EC6883BD28113C8600E581EB /* LaunchScreen.storyboard in Resources */ = {isa = PBXBuildFile; fileRef = EC6883BB28113C8600E581EB /* LaunchScreen.storyboard */; };
		EC6883C928113DCB00E581EB /* UILabel.swift in Sources */ = {isa = PBXBuildFile; fileRef = EC6883C828113DCB00E581EB /* UILabel.swift */; };
		EC6883CB28118F1600E581EB /* UIButton.swift in Sources */ = {isa = PBXBuildFile; fileRef = EC6883CA28118F1600E581EB /* UIButton.swift */; };
		EC6883CD28119B7500E581EB /* UIStackView.swift in Sources */ = {isa = PBXBuildFile; fileRef = EC6883CC28119B7500E581EB /* UIStackView.swift */; };
		EC96CABA281292B8006FC6F0 /* SignUpViewController.swift in Sources */ = {isa = PBXBuildFile; fileRef = EC96CAB9281292B8006FC6F0 /* SignUpViewController.swift */; };
		EC96CABE28129ACA006FC6F0 /* CustomTextField.swift in Sources */ = {isa = PBXBuildFile; fileRef = EC96CABD28129ACA006FC6F0 /* CustomTextField.swift */; };
		EC96CAC12812AA75006FC6F0 /* SetupColor.swift in Sources */ = {isa = PBXBuildFile; fileRef = EC96CAC02812AA75006FC6F0 /* SetupColor.swift */; };
		ECB08E1928131AC800C262FB /* CustomForTextFieldView.swift in Sources */ = {isa = PBXBuildFile; fileRef = ECB08E1828131AC800C262FB /* CustomForTextFieldView.swift */; };
		ECCC4E552811C38900B9D53D /* SetupFont.swift in Sources */ = {isa = PBXBuildFile; fileRef = ECCC4E542811C38900B9D53D /* SetupFont.swift */; };
		ECE8D1F22813EDF400ACE19D /* SF-Pro.ttf in Resources */ = {isa = PBXBuildFile; fileRef = ECE8D1F12813EDF400ACE19D /* SF-Pro.ttf */; };
		ECE8D1F42813EEAE00ACE19D /* Discription.swift in Sources */ = {isa = PBXBuildFile; fileRef = ECE8D1F32813EEAE00ACE19D /* Discription.swift */; };
		ECE8D1F62813F90500ACE19D /* LoginInViewController.swift in Sources */ = {isa = PBXBuildFile; fileRef = ECE8D1F52813F90500ACE19D /* LoginInViewController.swift */; };
		ECE8D1F82814612100ACE19D /* SetupProfileViewController.swift in Sources */ = {isa = PBXBuildFile; fileRef = ECE8D1F72814612100ACE19D /* SetupProfileViewController.swift */; };
		ECE8D1FA2814626100ACE19D /* AddPhotoView.swift in Sources */ = {isa = PBXBuildFile; fileRef = ECE8D1F92814626100ACE19D /* AddPhotoView.swift */; };
		ECEF4A4B2816841000143D0C /* SetupTabBarViewController.swift in Sources */ = {isa = PBXBuildFile; fileRef = ECEF4A4A2816841000143D0C /* SetupTabBarViewController.swift */; };
		ECEF4A4F2816856000143D0C /* FrendsViewController.swift in Sources */ = {isa = PBXBuildFile; fileRef = ECEF4A4E2816856000143D0C /* FrendsViewController.swift */; };
		ECEF4A512816858E00143D0C /* ChatsViewController.swift in Sources */ = {isa = PBXBuildFile; fileRef = ECEF4A502816858E00143D0C /* ChatsViewController.swift */; };
/* End PBXBuildFile section */

/* Begin PBXFileReference section */
		EC6883AD28113C8500E581EB /* TheMessenger.app */ = {isa = PBXFileReference; explicitFileType = wrapper.application; includeInIndex = 0; path = TheMessenger.app; sourceTree = BUILT_PRODUCTS_DIR; };
		EC6883B028113C8500E581EB /* AppDelegate.swift */ = {isa = PBXFileReference; lastKnownFileType = sourcecode.swift; path = AppDelegate.swift; sourceTree = "<group>"; };
		EC6883B228113C8500E581EB /* SceneDelegate.swift */ = {isa = PBXFileReference; lastKnownFileType = sourcecode.swift; path = SceneDelegate.swift; sourceTree = "<group>"; };
		EC6883B428113C8500E581EB /* MainViewController.swift */ = {isa = PBXFileReference; lastKnownFileType = sourcecode.swift; path = MainViewController.swift; sourceTree = "<group>"; };
		EC6883B928113C8600E581EB /* Assets.xcassets */ = {isa = PBXFileReference; lastKnownFileType = folder.assetcatalog; path = Assets.xcassets; sourceTree = "<group>"; };
		EC6883BC28113C8600E581EB /* Base */ = {isa = PBXFileReference; lastKnownFileType = file.storyboard; name = Base; path = Base.lproj/LaunchScreen.storyboard; sourceTree = "<group>"; };
		EC6883BE28113C8600E581EB /* Info.plist */ = {isa = PBXFileReference; lastKnownFileType = text.plist.xml; path = Info.plist; sourceTree = "<group>"; };
		EC6883C828113DCB00E581EB /* UILabel.swift */ = {isa = PBXFileReference; lastKnownFileType = sourcecode.swift; path = UILabel.swift; sourceTree = "<group>"; };
		EC6883CA28118F1600E581EB /* UIButton.swift */ = {isa = PBXFileReference; lastKnownFileType = sourcecode.swift; path = UIButton.swift; sourceTree = "<group>"; };
		EC6883CC28119B7500E581EB /* UIStackView.swift */ = {isa = PBXFileReference; lastKnownFileType = sourcecode.swift; path = UIStackView.swift; sourceTree = "<group>"; };
		EC96CAB9281292B8006FC6F0 /* SignUpViewController.swift */ = {isa = PBXFileReference; lastKnownFileType = sourcecode.swift; path = SignUpViewController.swift; sourceTree = "<group>"; };
		EC96CABD28129ACA006FC6F0 /* CustomTextField.swift */ = {isa = PBXFileReference; lastKnownFileType = sourcecode.swift; path = CustomTextField.swift; sourceTree = "<group>"; };
		EC96CAC02812AA75006FC6F0 /* SetupColor.swift */ = {isa = PBXFileReference; lastKnownFileType = sourcecode.swift; path = SetupColor.swift; sourceTree = "<group>"; };
		ECB08E1828131AC800C262FB /* CustomForTextFieldView.swift */ = {isa = PBXFileReference; lastKnownFileType = sourcecode.swift; path = CustomForTextFieldView.swift; sourceTree = "<group>"; };
		ECCC4E542811C38900B9D53D /* SetupFont.swift */ = {isa = PBXFileReference; lastKnownFileType = sourcecode.swift; path = SetupFont.swift; sourceTree = "<group>"; };
		ECE8D1F12813EDF400ACE19D /* SF-Pro.ttf */ = {isa = PBXFileReference; lastKnownFileType = file; name = "SF-Pro.ttf"; path = "../../../../../../../../Library/Fonts/SF-Pro.ttf"; sourceTree = "<group>"; };
		ECE8D1F32813EEAE00ACE19D /* Discription.swift */ = {isa = PBXFileReference; lastKnownFileType = sourcecode.swift; path = Discription.swift; sourceTree = "<group>"; };
		ECE8D1F52813F90500ACE19D /* LoginInViewController.swift */ = {isa = PBXFileReference; lastKnownFileType = sourcecode.swift; path = LoginInViewController.swift; sourceTree = "<group>"; };
		ECE8D1F72814612100ACE19D /* SetupProfileViewController.swift */ = {isa = PBXFileReference; lastKnownFileType = sourcecode.swift; path = SetupProfileViewController.swift; sourceTree = "<group>"; };
		ECE8D1F92814626100ACE19D /* AddPhotoView.swift */ = {isa = PBXFileReference; lastKnownFileType = sourcecode.swift; path = AddPhotoView.swift; sourceTree = "<group>"; };
		ECEF4A4A2816841000143D0C /* SetupTabBarViewController.swift */ = {isa = PBXFileReference; lastKnownFileType = sourcecode.swift; path = SetupTabBarViewController.swift; sourceTree = "<group>"; };
		ECEF4A4E2816856000143D0C /* FrendsViewController.swift */ = {isa = PBXFileReference; lastKnownFileType = sourcecode.swift; path = FrendsViewController.swift; sourceTree = "<group>"; };
		ECEF4A502816858E00143D0C /* ChatsViewController.swift */ = {isa = PBXFileReference; lastKnownFileType = sourcecode.swift; path = ChatsViewController.swift; sourceTree = "<group>"; };
/* End PBXFileReference section */

/* Begin PBXFrameworksBuildPhase section */
		EC6883AA28113C8500E581EB /* Frameworks */ = {
			isa = PBXFrameworksBuildPhase;
			buildActionMask = 2147483647;
			files = (
			);
			runOnlyForDeploymentPostprocessing = 0;
		};
/* End PBXFrameworksBuildPhase section */

/* Begin PBXGroup section */
		EC6883A428113C8500E581EB = {
			isa = PBXGroup;
			children = (
				EC6883AF28113C8500E581EB /* TheMessenger */,
				EC6883AE28113C8500E581EB /* Products */,
			);
			sourceTree = "<group>";
		};
		EC6883AE28113C8500E581EB /* Products */ = {
			isa = PBXGroup;
			children = (
				EC6883AD28113C8500E581EB /* TheMessenger.app */,
			);
			name = Products;
			sourceTree = "<group>";
		};
		EC6883AF28113C8500E581EB /* TheMessenger */ = {
			isa = PBXGroup;
			children = (
				EC6883C428113D3C00E581EB /* Application */,
				ECB08E1728131A7300C262FB /* View */,
				EC6883C528113D4700E581EB /* Controllers */,
				EC6883C728113DC000E581EB /* Extensions */,
				EC6883C628113D5700E581EB /* Resources */,
			);
			path = TheMessenger;
			sourceTree = "<group>";
		};
		EC6883C428113D3C00E581EB /* Application */ = {
			isa = PBXGroup;
			children = (
				EC6883B028113C8500E581EB /* AppDelegate.swift */,
				EC6883B228113C8500E581EB /* SceneDelegate.swift */,
			);
			path = Application;
			sourceTree = "<group>";
		};
		EC6883C528113D4700E581EB /* Controllers */ = {
			isa = PBXGroup;
			children = (
				ECEF4A4A2816841000143D0C /* SetupTabBarViewController.swift */,
				ECEF4A4C281684F100143D0C /* Authorization */,
				ECEF4A4E2816856000143D0C /* FrendsViewController.swift */,
				ECEF4A502816858E00143D0C /* ChatsViewController.swift */,
			);
			path = Controllers;
			sourceTree = "<group>";
		};
		EC6883C628113D5700E581EB /* Resources */ = {
			isa = PBXGroup;
			children = (
				ECE8D1F32813EEAE00ACE19D /* Discription.swift */,
				EC6883B928113C8600E581EB /* Assets.xcassets */,
				EC6883BB28113C8600E581EB /* LaunchScreen.storyboard */,
				EC6883BE28113C8600E581EB /* Info.plist */,
			);
			path = Resources;
			sourceTree = "<group>";
		};
		EC6883C728113DC000E581EB /* Extensions */ = {
			isa = PBXGroup;
			children = (
				EC96CABF2812AA66006FC6F0 /* Color */,
				EC96CABB28129826006FC6F0 /* UIKit */,
				ECCC4E532811C36300B9D53D /* Font */,
			);
			path = Extensions;
			sourceTree = "<group>";
		};
		EC96CABB28129826006FC6F0 /* UIKit */ = {
			isa = PBXGroup;
			children = (
				EC96CABC28129830006FC6F0 /* Custom */,
				EC6883C828113DCB00E581EB /* UILabel.swift */,
				EC6883CA28118F1600E581EB /* UIButton.swift */,
				EC6883CC28119B7500E581EB /* UIStackView.swift */,
			);
			path = UIKit;
			sourceTree = "<group>";
		};
		EC96CABC28129830006FC6F0 /* Custom */ = {
			isa = PBXGroup;
			children = (
				EC96CABD28129ACA006FC6F0 /* CustomTextField.swift */,
			);
			path = Custom;
			sourceTree = "<group>";
		};
		EC96CABF2812AA66006FC6F0 /* Color */ = {
			isa = PBXGroup;
			children = (
				EC96CAC02812AA75006FC6F0 /* SetupColor.swift */,
			);
			path = Color;
			sourceTree = "<group>";
		};
		ECB08E1728131A7300C262FB /* View */ = {
			isa = PBXGroup;
			children = (
				ECB08E1828131AC800C262FB /* CustomForTextFieldView.swift */,
				ECE8D1F92814626100ACE19D /* AddPhotoView.swift */,
			);
			path = View;
			sourceTree = "<group>";
		};
		ECCC4E532811C36300B9D53D /* Font */ = {
			isa = PBXGroup;
			children = (
				ECE8D1F02813ED8400ACE19D /* FontFile */,
				ECCC4E542811C38900B9D53D /* SetupFont.swift */,
			);
			path = Font;
			sourceTree = "<group>";
		};
		ECE8D1F02813ED8400ACE19D /* FontFile */ = {
			isa = PBXGroup;
			children = (
				ECE8D1F12813EDF400ACE19D /* SF-Pro.ttf */,
			);
			path = FontFile;
			sourceTree = "<group>";
		};
		ECEF4A4C281684F100143D0C /* Authorization */ = {
			isa = PBXGroup;
			children = (
				EC6883B428113C8500E581EB /* MainViewController.swift */,
				EC96CAB9281292B8006FC6F0 /* SignUpViewController.swift */,
				ECE8D1F52813F90500ACE19D /* LoginInViewController.swift */,
				ECE8D1F72814612100ACE19D /* SetupProfileViewController.swift */,
			);
			path = Authorization;
			sourceTree = "<group>";
		};
/* End PBXGroup section */

/* Begin PBXNativeTarget section */
		EC6883AC28113C8500E581EB /* TheMessenger */ = {
			isa = PBXNativeTarget;
			buildConfigurationList = EC6883C128113C8600E581EB /* Build configuration list for PBXNativeTarget "TheMessenger" */;
			buildPhases = (
				EC6883A928113C8500E581EB /* Sources */,
				EC6883AA28113C8500E581EB /* Frameworks */,
				EC6883AB28113C8500E581EB /* Resources */,
			);
			buildRules = (
			);
			dependencies = (
			);
			name = TheMessenger;
			productName = TheMessenger;
			productReference = EC6883AD28113C8500E581EB /* TheMessenger.app */;
			productType = "com.apple.product-type.application";
		};
/* End PBXNativeTarget section */

/* Begin PBXProject section */
		EC6883A528113C8500E581EB /* Project object */ = {
			isa = PBXProject;
			attributes = {
				BuildIndependentTargetsInParallel = 1;
				LastSwiftUpdateCheck = 1330;
				LastUpgradeCheck = 1330;
				TargetAttributes = {
					EC6883AC28113C8500E581EB = {
						CreatedOnToolsVersion = 13.3.1;
					};
				};
			};
			buildConfigurationList = EC6883A828113C8500E581EB /* Build configuration list for PBXProject "TheMessenger" */;
			compatibilityVersion = "Xcode 13.0";
			developmentRegion = en;
			hasScannedForEncodings = 0;
			knownRegions = (
				en,
				Base,
			);
			mainGroup = EC6883A428113C8500E581EB;
			productRefGroup = EC6883AE28113C8500E581EB /* Products */;
			projectDirPath = "";
			projectRoot = "";
			targets = (
				EC6883AC28113C8500E581EB /* TheMessenger */,
			);
		};
/* End PBXProject section */

/* Begin PBXResourcesBuildPhase section */
		EC6883AB28113C8500E581EB /* Resources */ = {
			isa = PBXResourcesBuildPhase;
			buildActionMask = 2147483647;
			files = (
				EC6883BD28113C8600E581EB /* LaunchScreen.storyboard in Resources */,
				ECE8D1F22813EDF400ACE19D /* SF-Pro.ttf in Resources */,
				EC6883BA28113C8600E581EB /* Assets.xcassets in Resources */,
			);
			runOnlyForDeploymentPostprocessing = 0;
		};
/* End PBXResourcesBuildPhase section */

/* Begin PBXSourcesBuildPhase section */
		EC6883A928113C8500E581EB /* Sources */ = {
			isa = PBXSourcesBuildPhase;
			buildActionMask = 2147483647;
			files = (
				ECE8D1F62813F90500ACE19D /* LoginInViewController.swift in Sources */,
				EC6883CB28118F1600E581EB /* UIButton.swift in Sources */,
				EC6883CD28119B7500E581EB /* UIStackView.swift in Sources */,
				EC6883B528113C8500E581EB /* MainViewController.swift in Sources */,
				ECE8D1F82814612100ACE19D /* SetupProfileViewController.swift in Sources */,
				EC6883B128113C8500E581EB /* AppDelegate.swift in Sources */,
				ECEF4A4B2816841000143D0C /* SetupTabBarViewController.swift in Sources */,
				ECE8D1F42813EEAE00ACE19D /* Discription.swift in Sources */,
				ECE8D1FA2814626100ACE19D /* AddPhotoView.swift in Sources */,
				ECB08E1928131AC800C262FB /* CustomForTextFieldView.swift in Sources */,
				EC96CABA281292B8006FC6F0 /* SignUpViewController.swift in Sources */,
				EC96CAC12812AA75006FC6F0 /* SetupColor.swift in Sources */,
				EC6883C928113DCB00E581EB /* UILabel.swift in Sources */,
				ECEF4A4F2816856000143D0C /* FrendsViewController.swift in Sources */,
				EC6883B328113C8500E581EB /* SceneDelegate.swift in Sources */,
				ECCC4E552811C38900B9D53D /* SetupFont.swift in Sources */,
				ECEF4A512816858E00143D0C /* ChatsViewController.swift in Sources */,
				EC96CABE28129ACA006FC6F0 /* CustomTextField.swift in Sources */,
			);
			runOnlyForDeploymentPostprocessing = 0;
		};
/* End PBXSourcesBuildPhase section */

/* Begin PBXVariantGroup section */
		EC6883BB28113C8600E581EB /* LaunchScreen.storyboard */ = {
			isa = PBXVariantGroup;
			children = (
				EC6883BC28113C8600E581EB /* Base */,
			);
			name = LaunchScreen.storyboard;
			sourceTree = "<group>";
		};
/* End PBXVariantGroup section */

/* Begin XCBuildConfiguration section */
		EC6883BF28113C8600E581EB /* Debug */ = {
			isa = XCBuildConfiguration;
			buildSettings = {
				ALWAYS_SEARCH_USER_PATHS = NO;
				CLANG_ANALYZER_NONNULL = YES;
				CLANG_ANALYZER_NUMBER_OBJECT_CONVERSION = YES_AGGRESSIVE;
				CLANG_CXX_LANGUAGE_STANDARD = "gnu++17";
				CLANG_ENABLE_MODULES = YES;
				CLANG_ENABLE_OBJC_ARC = YES;
				CLANG_ENABLE_OBJC_WEAK = YES;
				CLANG_WARN_BLOCK_CAPTURE_AUTORELEASING = YES;
				CLANG_WARN_BOOL_CONVERSION = YES;
				CLANG_WARN_COMMA = YES;
				CLANG_WARN_CONSTANT_CONVERSION = YES;
				CLANG_WARN_DEPRECATED_OBJC_IMPLEMENTATIONS = YES;
				CLANG_WARN_DIRECT_OBJC_ISA_USAGE = YES_ERROR;
				CLANG_WARN_DOCUMENTATION_COMMENTS = YES;
				CLANG_WARN_EMPTY_BODY = YES;
				CLANG_WARN_ENUM_CONVERSION = YES;
				CLANG_WARN_INFINITE_RECURSION = YES;
				CLANG_WARN_INT_CONVERSION = YES;
				CLANG_WARN_NON_LITERAL_NULL_CONVERSION = YES;
				CLANG_WARN_OBJC_IMPLICIT_RETAIN_SELF = YES;
				CLANG_WARN_OBJC_LITERAL_CONVERSION = YES;
				CLANG_WARN_OBJC_ROOT_CLASS = YES_ERROR;
				CLANG_WARN_QUOTED_INCLUDE_IN_FRAMEWORK_HEADER = YES;
				CLANG_WARN_RANGE_LOOP_ANALYSIS = YES;
				CLANG_WARN_STRICT_PROTOTYPES = YES;
				CLANG_WARN_SUSPICIOUS_MOVE = YES;
				CLANG_WARN_UNGUARDED_AVAILABILITY = YES_AGGRESSIVE;
				CLANG_WARN_UNREACHABLE_CODE = YES;
				CLANG_WARN__DUPLICATE_METHOD_MATCH = YES;
				COPY_PHASE_STRIP = NO;
				DEBUG_INFORMATION_FORMAT = dwarf;
				ENABLE_STRICT_OBJC_MSGSEND = YES;
				ENABLE_TESTABILITY = YES;
				GCC_C_LANGUAGE_STANDARD = gnu11;
				GCC_DYNAMIC_NO_PIC = NO;
				GCC_NO_COMMON_BLOCKS = YES;
				GCC_OPTIMIZATION_LEVEL = 0;
				GCC_PREPROCESSOR_DEFINITIONS = (
					"DEBUG=1",
					"$(inherited)",
				);
				GCC_WARN_64_TO_32_BIT_CONVERSION = YES;
				GCC_WARN_ABOUT_RETURN_TYPE = YES_ERROR;
				GCC_WARN_UNDECLARED_SELECTOR = YES;
				GCC_WARN_UNINITIALIZED_AUTOS = YES_AGGRESSIVE;
				GCC_WARN_UNUSED_FUNCTION = YES;
				GCC_WARN_UNUSED_VARIABLE = YES;
				IPHONEOS_DEPLOYMENT_TARGET = 15.4;
				MTL_ENABLE_DEBUG_INFO = INCLUDE_SOURCE;
				MTL_FAST_MATH = YES;
				ONLY_ACTIVE_ARCH = YES;
				SDKROOT = iphoneos;
				SWIFT_ACTIVE_COMPILATION_CONDITIONS = DEBUG;
				SWIFT_OPTIMIZATION_LEVEL = "-Onone";
			};
			name = Debug;
		};
		EC6883C028113C8600E581EB /* Release */ = {
			isa = XCBuildConfiguration;
			buildSettings = {
				ALWAYS_SEARCH_USER_PATHS = NO;
				CLANG_ANALYZER_NONNULL = YES;
				CLANG_ANALYZER_NUMBER_OBJECT_CONVERSION = YES_AGGRESSIVE;
				CLANG_CXX_LANGUAGE_STANDARD = "gnu++17";
				CLANG_ENABLE_MODULES = YES;
				CLANG_ENABLE_OBJC_ARC = YES;
				CLANG_ENABLE_OBJC_WEAK = YES;
				CLANG_WARN_BLOCK_CAPTURE_AUTORELEASING = YES;
				CLANG_WARN_BOOL_CONVERSION = YES;
				CLANG_WARN_COMMA = YES;
				CLANG_WARN_CONSTANT_CONVERSION = YES;
				CLANG_WARN_DEPRECATED_OBJC_IMPLEMENTATIONS = YES;
				CLANG_WARN_DIRECT_OBJC_ISA_USAGE = YES_ERROR;
				CLANG_WARN_DOCUMENTATION_COMMENTS = YES;
				CLANG_WARN_EMPTY_BODY = YES;
				CLANG_WARN_ENUM_CONVERSION = YES;
				CLANG_WARN_INFINITE_RECURSION = YES;
				CLANG_WARN_INT_CONVERSION = YES;
				CLANG_WARN_NON_LITERAL_NULL_CONVERSION = YES;
				CLANG_WARN_OBJC_IMPLICIT_RETAIN_SELF = YES;
				CLANG_WARN_OBJC_LITERAL_CONVERSION = YES;
				CLANG_WARN_OBJC_ROOT_CLASS = YES_ERROR;
				CLANG_WARN_QUOTED_INCLUDE_IN_FRAMEWORK_HEADER = YES;
				CLANG_WARN_RANGE_LOOP_ANALYSIS = YES;
				CLANG_WARN_STRICT_PROTOTYPES = YES;
				CLANG_WARN_SUSPICIOUS_MOVE = YES;
				CLANG_WARN_UNGUARDED_AVAILABILITY = YES_AGGRESSIVE;
				CLANG_WARN_UNREACHABLE_CODE = YES;
				CLANG_WARN__DUPLICATE_METHOD_MATCH = YES;
				COPY_PHASE_STRIP = NO;
				DEBUG_INFORMATION_FORMAT = "dwarf-with-dsym";
				ENABLE_NS_ASSERTIONS = NO;
				ENABLE_STRICT_OBJC_MSGSEND = YES;
				GCC_C_LANGUAGE_STANDARD = gnu11;
				GCC_NO_COMMON_BLOCKS = YES;
				GCC_WARN_64_TO_32_BIT_CONVERSION = YES;
				GCC_WARN_ABOUT_RETURN_TYPE = YES_ERROR;
				GCC_WARN_UNDECLARED_SELECTOR = YES;
				GCC_WARN_UNINITIALIZED_AUTOS = YES_AGGRESSIVE;
				GCC_WARN_UNUSED_FUNCTION = YES;
				GCC_WARN_UNUSED_VARIABLE = YES;
				IPHONEOS_DEPLOYMENT_TARGET = 15.4;
				MTL_ENABLE_DEBUG_INFO = NO;
				MTL_FAST_MATH = YES;
				SDKROOT = iphoneos;
				SWIFT_COMPILATION_MODE = wholemodule;
				SWIFT_OPTIMIZATION_LEVEL = "-O";
				VALIDATE_PRODUCT = YES;
			};
			name = Release;
		};
		EC6883C228113C8600E581EB /* Debug */ = {
			isa = XCBuildConfiguration;
			buildSettings = {
				ASSETCATALOG_COMPILER_APPICON_NAME = AppIcon;
				ASSETCATALOG_COMPILER_GLOBAL_ACCENT_COLOR_NAME = AccentColor;
				CODE_SIGN_STYLE = Automatic;
				CURRENT_PROJECT_VERSION = 1;
				DEVELOPMENT_TEAM = XH6VKLGZNV;
				GENERATE_INFOPLIST_FILE = YES;
				INFOPLIST_FILE = TheMessenger/Resources/Info.plist;
				INFOPLIST_KEY_UIApplicationSupportsIndirectInputEvents = YES;
				INFOPLIST_KEY_UILaunchStoryboardName = LaunchScreen;
				INFOPLIST_KEY_UISupportedInterfaceOrientations = UIInterfaceOrientationPortrait;
				INFOPLIST_KEY_UISupportedInterfaceOrientations_iPad = "UIInterfaceOrientationPortrait UIInterfaceOrientationPortraitUpsideDown UIInterfaceOrientationLandscapeLeft UIInterfaceOrientationLandscapeRight";
				INFOPLIST_KEY_UISupportedInterfaceOrientations_iPhone = "UIInterfaceOrientationPortrait UIInterfaceOrientationLandscapeLeft UIInterfaceOrientationLandscapeRight";
				LD_RUNPATH_SEARCH_PATHS = (
					"$(inherited)",
					"@executable_path/Frameworks",
				);
				MARKETING_VERSION = 1.0;
				PRODUCT_BUNDLE_IDENTIFIER = com.maksimbotalov.TheMessenger;
				PRODUCT_NAME = "$(TARGET_NAME)";
				SWIFT_EMIT_LOC_STRINGS = YES;
				SWIFT_VERSION = 5.0;
				TARGETED_DEVICE_FAMILY = 1;
			};
			name = Debug;
		};
		EC6883C328113C8600E581EB /* Release */ = {
			isa = XCBuildConfiguration;
			buildSettings = {
				ASSETCATALOG_COMPILER_APPICON_NAME = AppIcon;
				ASSETCATALOG_COMPILER_GLOBAL_ACCENT_COLOR_NAME = AccentColor;
				CODE_SIGN_STYLE = Automatic;
				CURRENT_PROJECT_VERSION = 1;
				DEVELOPMENT_TEAM = XH6VKLGZNV;
				GENERATE_INFOPLIST_FILE = YES;
				INFOPLIST_FILE = TheMessenger/Resources/Info.plist;
				INFOPLIST_KEY_UIApplicationSupportsIndirectInputEvents = YES;
				INFOPLIST_KEY_UILaunchStoryboardName = LaunchScreen;
				INFOPLIST_KEY_UISupportedInterfaceOrientations = UIInterfaceOrientationPortrait;
				INFOPLIST_KEY_UISupportedInterfaceOrientations_iPad = "UIInterfaceOrientationPortrait UIInterfaceOrientationPortraitUpsideDown UIInterfaceOrientationLandscapeLeft UIInterfaceOrientationLandscapeRight";
				INFOPLIST_KEY_UISupportedInterfaceOrientations_iPhone = "UIInterfaceOrientationPortrait UIInterfaceOrientationLandscapeLeft UIInterfaceOrientationLandscapeRight";
				LD_RUNPATH_SEARCH_PATHS = (
					"$(inherited)",
					"@executable_path/Frameworks",
				);
				MARKETING_VERSION = 1.0;
				PRODUCT_BUNDLE_IDENTIFIER = com.maksimbotalov.TheMessenger;
				PRODUCT_NAME = "$(TARGET_NAME)";
				SWIFT_EMIT_LOC_STRINGS = YES;
				SWIFT_VERSION = 5.0;
				TARGETED_DEVICE_FAMILY = 1;
			};
			name = Release;
		};
/* End XCBuildConfiguration section */

/* Begin XCConfigurationList section */
		EC6883A828113C8500E581EB /* Build configuration list for PBXProject "TheMessenger" */ = {
			isa = XCConfigurationList;
			buildConfigurations = (
				EC6883BF28113C8600E581EB /* Debug */,
				EC6883C028113C8600E581EB /* Release */,
			);
			defaultConfigurationIsVisible = 0;
			defaultConfigurationName = Release;
		};
		EC6883C128113C8600E581EB /* Build configuration list for PBXNativeTarget "TheMessenger" */ = {
			isa = XCConfigurationList;
			buildConfigurations = (
				EC6883C228113C8600E581EB /* Debug */,
				EC6883C328113C8600E581EB /* Release */,
			);
			defaultConfigurationIsVisible = 0;
			defaultConfigurationName = Release;
		};
/* End XCConfigurationList section */
	};
	rootObject = EC6883A528113C8500E581EB /* Project object */;
}
